
Microsoft Visual Studio Solution File, Format Version 12.00
# Visual Studio 15
VisualStudioVersion = 15.0.26430.6
MinimumVisualStudioVersion = 10.0.40219.1
Project("{2150E333-8FDC-42A3-9474-1A3956D46DE8}") = "src", "src", "{61B5AF69-7E52-40DE-9A3B-3FD7734F5B95}"
EndProject
Project("{FAE04EC0-301F-11D3-BF4B-00C04F79EFBC}") = "LibrameCore", "src\LibrameCore\LibrameCore.csproj", "{B32B5F72-72B0-4FFE-9B64-ACC137E983A3}"
EndProject
Project("{FAE04EC0-301F-11D3-BF4B-00C04F79EFBC}") = "LibrameCore.Mvc", "src\LibrameCore.Mvc\LibrameCore.Mvc.csproj", "{F3E55960-3DCC-4EBA-A0C8-1E0C6D038734}"
EndProject
Project("{2150E333-8FDC-42A3-9474-1A3956D46DE8}") = "tests", "tests", "{775C4C4F-F1AA-4ED4-B121-7049B14CC041}"
EndProject
Project("{FAE04EC0-301F-11D3-BF4B-00C04F79EFBC}") = "LibrameCore.Tests", "tests\LibrameCore.Tests\LibrameCore.Tests.csproj", "{4C890962-6986-4816-8E08-2FD448E63561}"
EndProject
Project("{FAE04EC0-301F-11D3-BF4B-00C04F79EFBC}") = "LibrameCore.Mvc.Tests", "tests\LibrameCore.Mvc.Tests\LibrameCore.Mvc.Tests.csproj", "{9D9DA5A6-1E4E-46B1-8789-6E3212920877}"
EndProject
Project("{2150E333-8FDC-42A3-9474-1A3956D46DE8}") = "examples", "examples", "{48F3C71C-5FAD-4097-A3E9-2F01A1578D24}"
EndProject
Project("{FAE04EC0-301F-11D3-BF4B-00C04F79EFBC}") = "LibrameCore.Entities", "examples\LibrameCore.Entities\LibrameCore.Entities.csproj", "{801BEF78-C1CF-4FE2-9F7F-F64A60FD5B09}"
EndProject
Project("{FAE04EC0-301F-11D3-BF4B-00C04F79EFBC}") = "LibrameCore.Website", "examples\LibrameCore.Website\LibrameCore.Website.csproj", "{1298072C-DD56-479A-838E-EF2B38F342DE}"
EndProject
Global
	GlobalSection(SolutionConfigurationPlatforms) = preSolution
		Debug|Any CPU = Debug|Any CPU
		Release|Any CPU = Release|Any CPU
	EndGlobalSection
	GlobalSection(ProjectConfigurationPlatforms) = postSolution
		{B32B5F72-72B0-4FFE-9B64-ACC137E983A3}.Debug|Any CPU.ActiveCfg = Debug|Any CPU
		{B32B5F72-72B0-4FFE-9B64-ACC137E983A3}.Debug|Any CPU.Build.0 = Debug|Any CPU
		{B32B5F72-72B0-4FFE-9B64-ACC137E983A3}.Release|Any CPU.ActiveCfg = Release|Any CPU
		{B32B5F72-72B0-4FFE-9B64-ACC137E983A3}.Release|Any CPU.Build.0 = Release|Any CPU
		{F3E55960-3DCC-4EBA-A0C8-1E0C6D038734}.Debug|Any CPU.ActiveCfg = Debug|Any CPU
		{F3E55960-3DCC-4EBA-A0C8-1E0C6D038734}.Debug|Any CPU.Build.0 = Debug|Any CPU
		{F3E55960-3DCC-4EBA-A0C8-1E0C6D038734}.Release|Any CPU.ActiveCfg = Release|Any CPU
		{F3E55960-3DCC-4EBA-A0C8-1E0C6D038734}.Release|Any CPU.Build.0 = Release|Any CPU
		{4C890962-6986-4816-8E08-2FD448E63561}.Debug|Any CPU.ActiveCfg = Debug|Any CPU
		{4C890962-6986-4816-8E08-2FD448E63561}.Debug|Any CPU.Build.0 = Debug|Any CPU
		{4C890962-6986-4816-8E08-2FD448E63561}.Release|Any CPU.ActiveCfg = Release|Any CPU
		{4C890962-6986-4816-8E08-2FD448E63561}.Release|Any CPU.Build.0 = Release|Any CPU
		{9D9DA5A6-1E4E-46B1-8789-6E3212920877}.Debug|Any CPU.ActiveCfg = Debug|Any CPU
		{9D9DA5A6-1E4E-46B1-8789-6E3212920877}.Debug|Any CPU.Build.0 = Debug|Any CPU
		{9D9DA5A6-1E4E-46B1-8789-6E3212920877}.Release|Any CPU.ActiveCfg = Release|Any CPU
		{9D9DA5A6-1E4E-46B1-8789-6E3212920877}.Release|Any CPU.Build.0 = Release|Any CPU
		{801BEF78-C1CF-4FE2-9F7F-F64A60FD5B09}.Debug|Any CPU.ActiveCfg = Debug|Any CPU
		{801BEF78-C1CF-4FE2-9F7F-F64A60FD5B09}.Debug|Any CPU.Build.0 = Debug|Any CPU
		{801BEF78-C1CF-4FE2-9F7F-F64A60FD5B09}.Release|Any CPU.ActiveCfg = Release|Any CPU
		{801BEF78-C1CF-4FE2-9F7F-F64A60FD5B09}.Release|Any CPU.Build.0 = Release|Any CPU
		{1298072C-DD56-479A-838E-EF2B38F342DE}.Debug|Any CPU.ActiveCfg = Debug|Any CPU
		{1298072C-DD56-479A-838E-EF2B38F342DE}.Debug|Any CPU.Build.0 = Debug|Any CPU
		{1298072C-DD56-479A-838E-EF2B38F342DE}.Release|Any CPU.ActiveCfg = Release|Any CPU
		{1298072C-DD56-479A-838E-EF2B38F342DE}.Release|Any CPU.Build.0 = Release|Any CPU
	EndGlobalSection
	GlobalSection(SolutionProperties) = preSolution
		HideSolutionNode = FALSE
	EndGlobalSection
	GlobalSection(NestedProjects) = preSolution
		{B32B5F72-72B0-4FFE-9B64-ACC137E983A3} = {61B5AF69-7E52-40DE-9A3B-3FD7734F5B95}
		{F3E55960-3DCC-4EBA-A0C8-1E0C6D038734} = {61B5AF69-7E52-40DE-9A3B-3FD7734F5B95}
		{4C890962-6986-4816-8E08-2FD448E63561} = {775C4C4F-F1AA-4ED4-B121-7049B14CC041}
		{9D9DA5A6-1E4E-46B1-8789-6E3212920877} = {775C4C4F-F1AA-4ED4-B121-7049B14CC041}
		{801BEF78-C1CF-4FE2-9F7F-F64A60FD5B09} = {48F3C71C-5FAD-4097-A3E9-2F01A1578D24}
		{1298072C-DD56-479A-838E-EF2B38F342DE} = {48F3C71C-5FAD-4097-A3E9-2F01A1578D24}
	EndGlobalSection
EndGlobal
