
Microsoft Visual Studio Solution File, Format Version 12.00
# Visual Studio Version 16
VisualStudioVersion = 16.0.29009.5
MinimumVisualStudioVersion = 10.0.40219.1
Project("{2150E333-8FDC-42A3-9474-1A3956D46DE8}") = "src", "src", "{3BA1621E-3386-4339-B6A7-02ACF5515B1A}"
EndProject
Project("{9A19103F-16F7-4668-BE54-9A1E7A4F7556}") = "Librame.AspNetCore.Abstractions", "src\Librame.AspNetCore.Abstractions\Librame.AspNetCore.Abstractions.csproj", "{08B8168C-7ECD-4606-B67E-201C97038BBA}"
EndProject
Project("{9A19103F-16F7-4668-BE54-9A1E7A4F7556}") = "Librame.AspNetCore", "src\Librame.AspNetCore\Librame.AspNetCore.csproj", "{9019A683-B35D-4E61-AAAC-34B50D11F4FF}"
EndProject
Project("{9A19103F-16F7-4668-BE54-9A1E7A4F7556}") = "Librame.AspNetCore.Data.Abstractions", "src\Librame.AspNetCore.Data.Abstractions\Librame.AspNetCore.Data.Abstractions.csproj", "{2EE011E1-D253-444E-8154-DE301B379A54}"
EndProject
Project("{9A19103F-16F7-4668-BE54-9A1E7A4F7556}") = "Librame.AspNetCore.Data.EntityFrameworkCore", "src\Librame.AspNetCore.Data.EntityFrameworkCore\Librame.AspNetCore.Data.EntityFrameworkCore.csproj", "{FA938C81-A91B-4857-BE70-B36B2F6BD994}"
EndProject
Project("{9A19103F-16F7-4668-BE54-9A1E7A4F7556}") = "Librame.AspNetCore.Api.Abstractions", "src\Librame.AspNetCore.Api.Abstractions\Librame.AspNetCore.Api.Abstractions.csproj", "{0D68DC9B-9433-468B-8293-AE0F9C67E15C}"
EndProject
Project("{9A19103F-16F7-4668-BE54-9A1E7A4F7556}") = "Librame.AspNetCore.Web.Abstractions", "src\Librame.AspNetCore.Web.Abstractions\Librame.AspNetCore.Web.Abstractions.csproj", "{A0FF0D1F-888E-46C1-B478-42CB5FC024B4}"
EndProject
Project("{9A19103F-16F7-4668-BE54-9A1E7A4F7556}") = "Librame.AspNetCore.Web", "src\Librame.AspNetCore.Web\Librame.AspNetCore.Web.csproj", "{F8E2BB47-8C29-4CD7-90D1-6E2211202FAE}"
EndProject
Project("{9A19103F-16F7-4668-BE54-9A1E7A4F7556}") = "Librame.AspNetCore.Web.Themepacks.Simple", "src\Librame.AspNetCore.Web.Themepacks.Simple\Librame.AspNetCore.Web.Themepacks.Simple.csproj", "{14CD62D2-4CFF-44E9-A5CF-0CDD1AD405B1}"
EndProject
Project("{9A19103F-16F7-4668-BE54-9A1E7A4F7556}") = "Librame.AspNetCore.Identity.Abstractions", "src\Librame.AspNetCore.Identity.Abstractions\Librame.AspNetCore.Identity.Abstractions.csproj", "{AB135681-2183-4751-90B9-1073CCFF78D2}"
EndProject
Project("{9A19103F-16F7-4668-BE54-9A1E7A4F7556}") = "Librame.AspNetCore.Identity.EntityFrameworkCore", "src\Librame.AspNetCore.Identity.EntityFrameworkCore\Librame.AspNetCore.Identity.EntityFrameworkCore.csproj", "{3AB15A40-454E-4844-89B3-0C2726B7B3F6}"
EndProject
Project("{9A19103F-16F7-4668-BE54-9A1E7A4F7556}") = "Librame.AspNetCore.Identity.Web", "src\Librame.AspNetCore.Identity.Web\Librame.AspNetCore.Identity.Web.csproj", "{DB4E290F-C4E1-44CF-8ABC-73711AC1AA20}"
EndProject
Project("{9A19103F-16F7-4668-BE54-9A1E7A4F7556}") = "Librame.AspNetCore.Identity.Web.Mvc", "src\Librame.AspNetCore.Identity.Web.Mvc\Librame.AspNetCore.Identity.Web.Mvc.csproj", "{0A326CB5-BE56-439D-9D51-6CC685B422E3}"
EndProject
Project("{9A19103F-16F7-4668-BE54-9A1E7A4F7556}") = "Librame.AspNetCore.Identity.Web.Pages", "src\Librame.AspNetCore.Identity.Web.Pages\Librame.AspNetCore.Identity.Web.Pages.csproj", "{5940B3CC-1B7E-441F-80FF-257544DD0E6A}"
EndProject
Project("{9A19103F-16F7-4668-BE54-9A1E7A4F7556}") = "Librame.AspNetCore.IdentityServer.Abstractions", "src\Librame.AspNetCore.IdentityServer.Abstractions\Librame.AspNetCore.IdentityServer.Abstractions.csproj", "{1EC9E8B8-66F7-4D5B-A15E-6265A319F9C7}"
EndProject
Project("{9A19103F-16F7-4668-BE54-9A1E7A4F7556}") = "Librame.AspNetCore.IdentityServer.EntityFrameworkCore", "src\Librame.AspNetCore.IdentityServer.EntityFrameworkCore\Librame.AspNetCore.IdentityServer.EntityFrameworkCore.csproj", "{05C383E0-0A35-4FDA-A545-5C12E6E907F3}"
EndProject
Project("{9A19103F-16F7-4668-BE54-9A1E7A4F7556}") = "Librame.AspNetCore.IdentityServer.Web", "src\Librame.AspNetCore.IdentityServer.Web\Librame.AspNetCore.IdentityServer.Web.csproj", "{36E9B4F2-0DB9-4D52-8B55-69B51DB2D839}"
EndProject
Project("{9A19103F-16F7-4668-BE54-9A1E7A4F7556}") = "Librame.AspNetCore.IdentityServer.Web.Mvc", "src\Librame.AspNetCore.IdentityServer.Web.Mvc\Librame.AspNetCore.IdentityServer.Web.Mvc.csproj", "{9FE954F6-B335-419D-B169-E7B7A979F326}"
EndProject
Project("{2150E333-8FDC-42A3-9474-1A3956D46DE8}") = "tests", "tests", "{64F541DF-34A5-4451-B3F2-AB1A7592B652}"
EndProject
Project("{9A19103F-16F7-4668-BE54-9A1E7A4F7556}") = "Librame.AspNetCore.Abstractions.Tests", "tests\Librame.AspNetCore.Abstractions.Tests\Librame.AspNetCore.Abstractions.Tests.csproj", "{BF7D1AD9-C5A1-4A5F-9F6A-E95F4409BF01}"
EndProject
Project("{9A19103F-16F7-4668-BE54-9A1E7A4F7556}") = "Librame.AspNetCore.Tests", "tests\Librame.AspNetCore.Tests\Librame.AspNetCore.Tests.csproj", "{B0D597C7-1FB9-40A5-94CD-36845EA98BFC}"
EndProject
Project("{9A19103F-16F7-4668-BE54-9A1E7A4F7556}") = "Librame.AspNetCore.Identity.Abstractions.Tests", "tests\Librame.AspNetCore.Identity.Abstractions.Tests\Librame.AspNetCore.Identity.Abstractions.Tests.csproj", "{A654FEDF-CCF5-4A44-8042-6E43F658B054}"
EndProject
Project("{9A19103F-16F7-4668-BE54-9A1E7A4F7556}") = "Librame.AspNetCore.Identity.EntityFrameworkCore.Tests", "tests\Librame.AspNetCore.Identity.EntityFrameworkCore.Tests\Librame.AspNetCore.Identity.EntityFrameworkCore.Tests.csproj", "{2DFA9514-472D-405B-B59B-EF58CC932C76}"
EndProject
Project("{9A19103F-16F7-4668-BE54-9A1E7A4F7556}") = "Librame.AspNetCore.Identity.Web.Tests", "tests\Librame.AspNetCore.Identity.Web.Tests\Librame.AspNetCore.Identity.Web.Tests.csproj", "{CDB99B30-7F7B-4DD9-A340-EFB532155B06}"
EndProject
Project("{2150E333-8FDC-42A3-9474-1A3956D46DE8}") = "examples", "examples", "{7CE5401D-2698-4096-AC2C-EF5F842571E4}"
EndProject
Project("{9A19103F-16F7-4668-BE54-9A1E7A4F7556}") = "Librame.AspNetCore.Identity.Web.Pages.Examples", "examples\Librame.AspNetCore.Identity.Web.Pages.Examples\Librame.AspNetCore.Identity.Web.Pages.Examples.csproj", "{89E41D09-6500-4991-A544-595F86A65290}"
EndProject
Project("{9A19103F-16F7-4668-BE54-9A1E7A4F7556}") = "Librame.AspNetCore.Identity.Web.Mvc.Examples", "examples\Librame.AspNetCore.Identity.Web.Mvc.Examples\Librame.AspNetCore.Identity.Web.Mvc.Examples.csproj", "{1530D434-0429-42B7-8D6A-651587736C89}"
EndProject
Project("{9A19103F-16F7-4668-BE54-9A1E7A4F7556}") = "Librame.AspNetCore.IdentityServer.Web.Mvc.Examples", "examples\Librame.AspNetCore.IdentityServer.Web.Mvc.Examples\Librame.AspNetCore.IdentityServer.Web.Mvc.Examples.csproj", "{C060E8BD-DAC8-4C2D-83E9-9360C98C541F}"
EndProject
Project("{9A19103F-16F7-4668-BE54-9A1E7A4F7556}") = "Librame.AspNetCore.IdentityServer.Api", "examples\Librame.AspNetCore.IdentityServer.Api\Librame.AspNetCore.IdentityServer.Api.csproj", "{8770B033-B2F3-4D2D-9A15-FB7F46590C4E}"
EndProject
Project("{9A19103F-16F7-4668-BE54-9A1E7A4F7556}") = "Librame.AspNetCore.IdentityServer.Client", "examples\Librame.AspNetCore.IdentityServer.Client\Librame.AspNetCore.IdentityServer.Client.csproj", "{662B4963-BFEC-4DDF-8D6D-FF8662B8CFFA}"
EndProject
Project("{9A19103F-16F7-4668-BE54-9A1E7A4F7556}") = "Librame.AspNetCore.IdentityServer.Abstractions.Tests", "tests\Librame.AspNetCore.IdentityServer.Abstractions.Tests\Librame.AspNetCore.IdentityServer.Abstractions.Tests.csproj", "{224A4B9E-354C-4576-8326-586D89E19586}"
EndProject
Project("{9A19103F-16F7-4668-BE54-9A1E7A4F7556}") = "Librame.AspNetCore.IdentityServer.EntityFrameworkCore.Tests", "tests\Librame.AspNetCore.IdentityServer.EntityFrameworkCore.Tests\Librame.AspNetCore.IdentityServer.EntityFrameworkCore.Tests.csproj", "{245C2EEF-DCA6-4771-A23B-372666662303}"
EndProject
Project("{9A19103F-16F7-4668-BE54-9A1E7A4F7556}") = "Librame.AspNetCore.Web.Abstractions.Tests", "tests\Librame.AspNetCore.Web.Abstractions.Tests\Librame.AspNetCore.Web.Abstractions.Tests.csproj", "{69CE67BF-D3DA-4036-B1CB-49A311E0C497}"
EndProject
Project("{9A19103F-16F7-4668-BE54-9A1E7A4F7556}") = "Librame.AspNetCore.Web.Tests", "tests\Librame.AspNetCore.Web.Tests\Librame.AspNetCore.Web.Tests.csproj", "{E714BB97-C5B7-47A4-AF08-BE35A7765014}"
EndProject
Project("{9A19103F-16F7-4668-BE54-9A1E7A4F7556}") = "Librame.AspNetCore.IdentityServer.Web.Tests", "tests\Librame.AspNetCore.IdentityServer.Web.Tests\Librame.AspNetCore.IdentityServer.Web.Tests.csproj", "{DE7EA136-6B48-46E8-AA8F-8A07D25F62EC}"
EndProject
Project("{9A19103F-16F7-4668-BE54-9A1E7A4F7556}") = "Librame.AspNetCore.Authentication.OpenIdConnect", "src\Librame.AspNetCore.Authentication.OpenIdConnect\Librame.AspNetCore.Authentication.OpenIdConnect.csproj", "{A18F2F2E-34C5-4A35-B960-F02B99367F7C}"
EndProject
Project("{2150E333-8FDC-42A3-9474-1A3956D46DE8}") = "shared", "shared", "{4333230B-23E5-42F4-8622-7E1D8F8D9317}"
EndProject
Project("{9A19103F-16F7-4668-BE54-9A1E7A4F7556}") = "Librame.Models", "shared\Librame.Models\Librame.Models.csproj", "{D55E3BDA-0D44-47BC-9BFC-A6C89B39C4D3}"
EndProject
Project("{9A19103F-16F7-4668-BE54-9A1E7A4F7556}") = "Librame.AspNetCore.Api.GraphQL", "src\Librame.AspNetCore.Api.GraphQL\Librame.AspNetCore.Api.GraphQL.csproj", "{4EAD8849-7A53-4D98-9C9D-222BB3615667}"
EndProject
Project("{9A19103F-16F7-4668-BE54-9A1E7A4F7556}") = "Librame.AspNetCore.Api.Abstractions.Tests", "tests\Librame.AspNetCore.Api.Abstractions.Tests\Librame.AspNetCore.Api.Abstractions.Tests.csproj", "{F5BE3BC3-DEF7-47DA-9662-7DC1E9D2D2D2}"
EndProject
Project("{9A19103F-16F7-4668-BE54-9A1E7A4F7556}") = "Librame.AspNetCore.Api.GraphQL.Tests", "tests\Librame.AspNetCore.Api.GraphQL.Tests\Librame.AspNetCore.Api.GraphQL.Tests.csproj", "{C7100C60-AD69-4476-9C32-B2274AB91F65}"
EndProject
Project("{9A19103F-16F7-4668-BE54-9A1E7A4F7556}") = "Librame.AspNetCore.Identity.Api.Abstractions", "src\Librame.AspNetCore.Identity.Api.Abstractions\Librame.AspNetCore.Identity.Api.Abstractions.csproj", "{6F3BF4E2-CA86-4135-8608-1373A9AA42EB}"
EndProject
Project("{9A19103F-16F7-4668-BE54-9A1E7A4F7556}") = "Librame.AspNetCore.Identity.Api.GraphQL", "src\Librame.AspNetCore.Identity.Api.GraphQL\Librame.AspNetCore.Identity.Api.GraphQL.csproj", "{41429298-B6CF-4DB6-BB24-BF862E47ED32}"
EndProject
Project("{FAE04EC0-301F-11D3-BF4B-00C04F79EFBC}") = "Librame.AspNetCore.Identity.Api.GraphQL.Tests", "tests\Librame.AspNetCore.Identity.Api.GraphQL.Tests\Librame.AspNetCore.Identity.Api.GraphQL.Tests.csproj", "{BB4CA49C-4D45-482D-B228-A96B1CD04D82}"
EndProject
Global
	GlobalSection(SolutionConfigurationPlatforms) = preSolution
		Debug|Any CPU = Debug|Any CPU
		Release|Any CPU = Release|Any CPU
	EndGlobalSection
	GlobalSection(ProjectConfigurationPlatforms) = postSolution
		{08B8168C-7ECD-4606-B67E-201C97038BBA}.Debug|Any CPU.ActiveCfg = Debug|Any CPU
		{08B8168C-7ECD-4606-B67E-201C97038BBA}.Debug|Any CPU.Build.0 = Debug|Any CPU
		{08B8168C-7ECD-4606-B67E-201C97038BBA}.Release|Any CPU.ActiveCfg = Release|Any CPU
		{08B8168C-7ECD-4606-B67E-201C97038BBA}.Release|Any CPU.Build.0 = Release|Any CPU
		{9019A683-B35D-4E61-AAAC-34B50D11F4FF}.Debug|Any CPU.ActiveCfg = Debug|Any CPU
		{9019A683-B35D-4E61-AAAC-34B50D11F4FF}.Debug|Any CPU.Build.0 = Debug|Any CPU
		{9019A683-B35D-4E61-AAAC-34B50D11F4FF}.Release|Any CPU.ActiveCfg = Release|Any CPU
		{9019A683-B35D-4E61-AAAC-34B50D11F4FF}.Release|Any CPU.Build.0 = Release|Any CPU
		{2EE011E1-D253-444E-8154-DE301B379A54}.Debug|Any CPU.ActiveCfg = Debug|Any CPU
		{2EE011E1-D253-444E-8154-DE301B379A54}.Debug|Any CPU.Build.0 = Debug|Any CPU
		{2EE011E1-D253-444E-8154-DE301B379A54}.Release|Any CPU.ActiveCfg = Release|Any CPU
		{2EE011E1-D253-444E-8154-DE301B379A54}.Release|Any CPU.Build.0 = Release|Any CPU
		{FA938C81-A91B-4857-BE70-B36B2F6BD994}.Debug|Any CPU.ActiveCfg = Debug|Any CPU
		{FA938C81-A91B-4857-BE70-B36B2F6BD994}.Debug|Any CPU.Build.0 = Debug|Any CPU
		{FA938C81-A91B-4857-BE70-B36B2F6BD994}.Release|Any CPU.ActiveCfg = Release|Any CPU
		{FA938C81-A91B-4857-BE70-B36B2F6BD994}.Release|Any CPU.Build.0 = Release|Any CPU
		{0D68DC9B-9433-468B-8293-AE0F9C67E15C}.Debug|Any CPU.ActiveCfg = Debug|Any CPU
		{0D68DC9B-9433-468B-8293-AE0F9C67E15C}.Debug|Any CPU.Build.0 = Debug|Any CPU
		{0D68DC9B-9433-468B-8293-AE0F9C67E15C}.Release|Any CPU.ActiveCfg = Release|Any CPU
		{0D68DC9B-9433-468B-8293-AE0F9C67E15C}.Release|Any CPU.Build.0 = Release|Any CPU
		{A0FF0D1F-888E-46C1-B478-42CB5FC024B4}.Debug|Any CPU.ActiveCfg = Debug|Any CPU
		{A0FF0D1F-888E-46C1-B478-42CB5FC024B4}.Debug|Any CPU.Build.0 = Debug|Any CPU
		{A0FF0D1F-888E-46C1-B478-42CB5FC024B4}.Release|Any CPU.ActiveCfg = Release|Any CPU
		{A0FF0D1F-888E-46C1-B478-42CB5FC024B4}.Release|Any CPU.Build.0 = Release|Any CPU
		{F8E2BB47-8C29-4CD7-90D1-6E2211202FAE}.Debug|Any CPU.ActiveCfg = Debug|Any CPU
		{F8E2BB47-8C29-4CD7-90D1-6E2211202FAE}.Debug|Any CPU.Build.0 = Debug|Any CPU
		{F8E2BB47-8C29-4CD7-90D1-6E2211202FAE}.Release|Any CPU.ActiveCfg = Release|Any CPU
		{F8E2BB47-8C29-4CD7-90D1-6E2211202FAE}.Release|Any CPU.Build.0 = Release|Any CPU
		{14CD62D2-4CFF-44E9-A5CF-0CDD1AD405B1}.Debug|Any CPU.ActiveCfg = Debug|Any CPU
		{14CD62D2-4CFF-44E9-A5CF-0CDD1AD405B1}.Debug|Any CPU.Build.0 = Debug|Any CPU
		{14CD62D2-4CFF-44E9-A5CF-0CDD1AD405B1}.Release|Any CPU.ActiveCfg = Release|Any CPU
		{14CD62D2-4CFF-44E9-A5CF-0CDD1AD405B1}.Release|Any CPU.Build.0 = Release|Any CPU
		{AB135681-2183-4751-90B9-1073CCFF78D2}.Debug|Any CPU.ActiveCfg = Debug|Any CPU
		{AB135681-2183-4751-90B9-1073CCFF78D2}.Debug|Any CPU.Build.0 = Debug|Any CPU
		{AB135681-2183-4751-90B9-1073CCFF78D2}.Release|Any CPU.ActiveCfg = Release|Any CPU
		{AB135681-2183-4751-90B9-1073CCFF78D2}.Release|Any CPU.Build.0 = Release|Any CPU
		{3AB15A40-454E-4844-89B3-0C2726B7B3F6}.Debug|Any CPU.ActiveCfg = Debug|Any CPU
		{3AB15A40-454E-4844-89B3-0C2726B7B3F6}.Debug|Any CPU.Build.0 = Debug|Any CPU
		{3AB15A40-454E-4844-89B3-0C2726B7B3F6}.Release|Any CPU.ActiveCfg = Release|Any CPU
		{3AB15A40-454E-4844-89B3-0C2726B7B3F6}.Release|Any CPU.Build.0 = Release|Any CPU
		{DB4E290F-C4E1-44CF-8ABC-73711AC1AA20}.Debug|Any CPU.ActiveCfg = Debug|Any CPU
		{DB4E290F-C4E1-44CF-8ABC-73711AC1AA20}.Debug|Any CPU.Build.0 = Debug|Any CPU
		{DB4E290F-C4E1-44CF-8ABC-73711AC1AA20}.Release|Any CPU.ActiveCfg = Release|Any CPU
		{DB4E290F-C4E1-44CF-8ABC-73711AC1AA20}.Release|Any CPU.Build.0 = Release|Any CPU
		{0A326CB5-BE56-439D-9D51-6CC685B422E3}.Debug|Any CPU.ActiveCfg = Debug|Any CPU
		{0A326CB5-BE56-439D-9D51-6CC685B422E3}.Debug|Any CPU.Build.0 = Debug|Any CPU
		{0A326CB5-BE56-439D-9D51-6CC685B422E3}.Release|Any CPU.ActiveCfg = Release|Any CPU
		{0A326CB5-BE56-439D-9D51-6CC685B422E3}.Release|Any CPU.Build.0 = Release|Any CPU
		{5940B3CC-1B7E-441F-80FF-257544DD0E6A}.Debug|Any CPU.ActiveCfg = Debug|Any CPU
		{5940B3CC-1B7E-441F-80FF-257544DD0E6A}.Debug|Any CPU.Build.0 = Debug|Any CPU
		{5940B3CC-1B7E-441F-80FF-257544DD0E6A}.Release|Any CPU.ActiveCfg = Release|Any CPU
		{5940B3CC-1B7E-441F-80FF-257544DD0E6A}.Release|Any CPU.Build.0 = Release|Any CPU
		{1EC9E8B8-66F7-4D5B-A15E-6265A319F9C7}.Debug|Any CPU.ActiveCfg = Debug|Any CPU
		{1EC9E8B8-66F7-4D5B-A15E-6265A319F9C7}.Debug|Any CPU.Build.0 = Debug|Any CPU
		{1EC9E8B8-66F7-4D5B-A15E-6265A319F9C7}.Release|Any CPU.ActiveCfg = Release|Any CPU
		{1EC9E8B8-66F7-4D5B-A15E-6265A319F9C7}.Release|Any CPU.Build.0 = Release|Any CPU
		{05C383E0-0A35-4FDA-A545-5C12E6E907F3}.Debug|Any CPU.ActiveCfg = Debug|Any CPU
		{05C383E0-0A35-4FDA-A545-5C12E6E907F3}.Debug|Any CPU.Build.0 = Debug|Any CPU
		{05C383E0-0A35-4FDA-A545-5C12E6E907F3}.Release|Any CPU.ActiveCfg = Release|Any CPU
		{05C383E0-0A35-4FDA-A545-5C12E6E907F3}.Release|Any CPU.Build.0 = Release|Any CPU
		{36E9B4F2-0DB9-4D52-8B55-69B51DB2D839}.Debug|Any CPU.ActiveCfg = Debug|Any CPU
		{36E9B4F2-0DB9-4D52-8B55-69B51DB2D839}.Debug|Any CPU.Build.0 = Debug|Any CPU
		{36E9B4F2-0DB9-4D52-8B55-69B51DB2D839}.Release|Any CPU.ActiveCfg = Release|Any CPU
		{36E9B4F2-0DB9-4D52-8B55-69B51DB2D839}.Release|Any CPU.Build.0 = Release|Any CPU
		{9FE954F6-B335-419D-B169-E7B7A979F326}.Debug|Any CPU.ActiveCfg = Debug|Any CPU
		{9FE954F6-B335-419D-B169-E7B7A979F326}.Debug|Any CPU.Build.0 = Debug|Any CPU
		{9FE954F6-B335-419D-B169-E7B7A979F326}.Release|Any CPU.ActiveCfg = Release|Any CPU
		{9FE954F6-B335-419D-B169-E7B7A979F326}.Release|Any CPU.Build.0 = Release|Any CPU
		{BF7D1AD9-C5A1-4A5F-9F6A-E95F4409BF01}.Debug|Any CPU.ActiveCfg = Debug|Any CPU
		{BF7D1AD9-C5A1-4A5F-9F6A-E95F4409BF01}.Debug|Any CPU.Build.0 = Debug|Any CPU
		{BF7D1AD9-C5A1-4A5F-9F6A-E95F4409BF01}.Release|Any CPU.ActiveCfg = Release|Any CPU
		{BF7D1AD9-C5A1-4A5F-9F6A-E95F4409BF01}.Release|Any CPU.Build.0 = Release|Any CPU
		{B0D597C7-1FB9-40A5-94CD-36845EA98BFC}.Debug|Any CPU.ActiveCfg = Debug|Any CPU
		{B0D597C7-1FB9-40A5-94CD-36845EA98BFC}.Debug|Any CPU.Build.0 = Debug|Any CPU
		{B0D597C7-1FB9-40A5-94CD-36845EA98BFC}.Release|Any CPU.ActiveCfg = Release|Any CPU
		{B0D597C7-1FB9-40A5-94CD-36845EA98BFC}.Release|Any CPU.Build.0 = Release|Any CPU
		{A654FEDF-CCF5-4A44-8042-6E43F658B054}.Debug|Any CPU.ActiveCfg = Debug|Any CPU
		{A654FEDF-CCF5-4A44-8042-6E43F658B054}.Debug|Any CPU.Build.0 = Debug|Any CPU
		{A654FEDF-CCF5-4A44-8042-6E43F658B054}.Release|Any CPU.ActiveCfg = Release|Any CPU
		{A654FEDF-CCF5-4A44-8042-6E43F658B054}.Release|Any CPU.Build.0 = Release|Any CPU
		{2DFA9514-472D-405B-B59B-EF58CC932C76}.Debug|Any CPU.ActiveCfg = Debug|Any CPU
		{2DFA9514-472D-405B-B59B-EF58CC932C76}.Debug|Any CPU.Build.0 = Debug|Any CPU
		{2DFA9514-472D-405B-B59B-EF58CC932C76}.Release|Any CPU.ActiveCfg = Release|Any CPU
		{2DFA9514-472D-405B-B59B-EF58CC932C76}.Release|Any CPU.Build.0 = Release|Any CPU
		{CDB99B30-7F7B-4DD9-A340-EFB532155B06}.Debug|Any CPU.ActiveCfg = Debug|Any CPU
		{CDB99B30-7F7B-4DD9-A340-EFB532155B06}.Debug|Any CPU.Build.0 = Debug|Any CPU
		{CDB99B30-7F7B-4DD9-A340-EFB532155B06}.Release|Any CPU.ActiveCfg = Release|Any CPU
		{CDB99B30-7F7B-4DD9-A340-EFB532155B06}.Release|Any CPU.Build.0 = Release|Any CPU
		{89E41D09-6500-4991-A544-595F86A65290}.Debug|Any CPU.ActiveCfg = Debug|Any CPU
		{89E41D09-6500-4991-A544-595F86A65290}.Debug|Any CPU.Build.0 = Debug|Any CPU
		{89E41D09-6500-4991-A544-595F86A65290}.Release|Any CPU.ActiveCfg = Release|Any CPU
		{89E41D09-6500-4991-A544-595F86A65290}.Release|Any CPU.Build.0 = Release|Any CPU
		{1530D434-0429-42B7-8D6A-651587736C89}.Debug|Any CPU.ActiveCfg = Debug|Any CPU
		{1530D434-0429-42B7-8D6A-651587736C89}.Debug|Any CPU.Build.0 = Debug|Any CPU
		{1530D434-0429-42B7-8D6A-651587736C89}.Release|Any CPU.ActiveCfg = Release|Any CPU
		{1530D434-0429-42B7-8D6A-651587736C89}.Release|Any CPU.Build.0 = Release|Any CPU
		{C060E8BD-DAC8-4C2D-83E9-9360C98C541F}.Debug|Any CPU.ActiveCfg = Debug|Any CPU
		{C060E8BD-DAC8-4C2D-83E9-9360C98C541F}.Debug|Any CPU.Build.0 = Debug|Any CPU
		{C060E8BD-DAC8-4C2D-83E9-9360C98C541F}.Release|Any CPU.ActiveCfg = Release|Any CPU
		{C060E8BD-DAC8-4C2D-83E9-9360C98C541F}.Release|Any CPU.Build.0 = Release|Any CPU
		{8770B033-B2F3-4D2D-9A15-FB7F46590C4E}.Debug|Any CPU.ActiveCfg = Debug|Any CPU
		{8770B033-B2F3-4D2D-9A15-FB7F46590C4E}.Debug|Any CPU.Build.0 = Debug|Any CPU
		{8770B033-B2F3-4D2D-9A15-FB7F46590C4E}.Release|Any CPU.ActiveCfg = Release|Any CPU
		{8770B033-B2F3-4D2D-9A15-FB7F46590C4E}.Release|Any CPU.Build.0 = Release|Any CPU
		{662B4963-BFEC-4DDF-8D6D-FF8662B8CFFA}.Debug|Any CPU.ActiveCfg = Debug|Any CPU
		{662B4963-BFEC-4DDF-8D6D-FF8662B8CFFA}.Debug|Any CPU.Build.0 = Debug|Any CPU
		{662B4963-BFEC-4DDF-8D6D-FF8662B8CFFA}.Release|Any CPU.ActiveCfg = Release|Any CPU
		{662B4963-BFEC-4DDF-8D6D-FF8662B8CFFA}.Release|Any CPU.Build.0 = Release|Any CPU
		{224A4B9E-354C-4576-8326-586D89E19586}.Debug|Any CPU.ActiveCfg = Debug|Any CPU
		{224A4B9E-354C-4576-8326-586D89E19586}.Debug|Any CPU.Build.0 = Debug|Any CPU
		{224A4B9E-354C-4576-8326-586D89E19586}.Release|Any CPU.ActiveCfg = Release|Any CPU
		{224A4B9E-354C-4576-8326-586D89E19586}.Release|Any CPU.Build.0 = Release|Any CPU
		{245C2EEF-DCA6-4771-A23B-372666662303}.Debug|Any CPU.ActiveCfg = Debug|Any CPU
		{245C2EEF-DCA6-4771-A23B-372666662303}.Debug|Any CPU.Build.0 = Debug|Any CPU
		{245C2EEF-DCA6-4771-A23B-372666662303}.Release|Any CPU.ActiveCfg = Release|Any CPU
		{245C2EEF-DCA6-4771-A23B-372666662303}.Release|Any CPU.Build.0 = Release|Any CPU
		{69CE67BF-D3DA-4036-B1CB-49A311E0C497}.Debug|Any CPU.ActiveCfg = Debug|Any CPU
		{69CE67BF-D3DA-4036-B1CB-49A311E0C497}.Debug|Any CPU.Build.0 = Debug|Any CPU
		{69CE67BF-D3DA-4036-B1CB-49A311E0C497}.Release|Any CPU.ActiveCfg = Release|Any CPU
		{69CE67BF-D3DA-4036-B1CB-49A311E0C497}.Release|Any CPU.Build.0 = Release|Any CPU
		{E714BB97-C5B7-47A4-AF08-BE35A7765014}.Debug|Any CPU.ActiveCfg = Debug|Any CPU
		{E714BB97-C5B7-47A4-AF08-BE35A7765014}.Debug|Any CPU.Build.0 = Debug|Any CPU
		{E714BB97-C5B7-47A4-AF08-BE35A7765014}.Release|Any CPU.ActiveCfg = Release|Any CPU
		{E714BB97-C5B7-47A4-AF08-BE35A7765014}.Release|Any CPU.Build.0 = Release|Any CPU
		{DE7EA136-6B48-46E8-AA8F-8A07D25F62EC}.Debug|Any CPU.ActiveCfg = Debug|Any CPU
		{DE7EA136-6B48-46E8-AA8F-8A07D25F62EC}.Debug|Any CPU.Build.0 = Debug|Any CPU
		{DE7EA136-6B48-46E8-AA8F-8A07D25F62EC}.Release|Any CPU.ActiveCfg = Release|Any CPU
		{DE7EA136-6B48-46E8-AA8F-8A07D25F62EC}.Release|Any CPU.Build.0 = Release|Any CPU
		{A18F2F2E-34C5-4A35-B960-F02B99367F7C}.Debug|Any CPU.ActiveCfg = Debug|Any CPU
		{A18F2F2E-34C5-4A35-B960-F02B99367F7C}.Debug|Any CPU.Build.0 = Debug|Any CPU
		{A18F2F2E-34C5-4A35-B960-F02B99367F7C}.Release|Any CPU.ActiveCfg = Release|Any CPU
		{A18F2F2E-34C5-4A35-B960-F02B99367F7C}.Release|Any CPU.Build.0 = Release|Any CPU
		{D55E3BDA-0D44-47BC-9BFC-A6C89B39C4D3}.Debug|Any CPU.ActiveCfg = Debug|Any CPU
		{D55E3BDA-0D44-47BC-9BFC-A6C89B39C4D3}.Debug|Any CPU.Build.0 = Debug|Any CPU
		{D55E3BDA-0D44-47BC-9BFC-A6C89B39C4D3}.Release|Any CPU.ActiveCfg = Release|Any CPU
		{D55E3BDA-0D44-47BC-9BFC-A6C89B39C4D3}.Release|Any CPU.Build.0 = Release|Any CPU
		{4EAD8849-7A53-4D98-9C9D-222BB3615667}.Debug|Any CPU.ActiveCfg = Debug|Any CPU
		{4EAD8849-7A53-4D98-9C9D-222BB3615667}.Debug|Any CPU.Build.0 = Debug|Any CPU
		{4EAD8849-7A53-4D98-9C9D-222BB3615667}.Release|Any CPU.ActiveCfg = Release|Any CPU
		{4EAD8849-7A53-4D98-9C9D-222BB3615667}.Release|Any CPU.Build.0 = Release|Any CPU
		{F5BE3BC3-DEF7-47DA-9662-7DC1E9D2D2D2}.Debug|Any CPU.ActiveCfg = Debug|Any CPU
		{F5BE3BC3-DEF7-47DA-9662-7DC1E9D2D2D2}.Debug|Any CPU.Build.0 = Debug|Any CPU
		{F5BE3BC3-DEF7-47DA-9662-7DC1E9D2D2D2}.Release|Any CPU.ActiveCfg = Release|Any CPU
		{F5BE3BC3-DEF7-47DA-9662-7DC1E9D2D2D2}.Release|Any CPU.Build.0 = Release|Any CPU
		{C7100C60-AD69-4476-9C32-B2274AB91F65}.Debug|Any CPU.ActiveCfg = Debug|Any CPU
		{C7100C60-AD69-4476-9C32-B2274AB91F65}.Debug|Any CPU.Build.0 = Debug|Any CPU
		{C7100C60-AD69-4476-9C32-B2274AB91F65}.Release|Any CPU.ActiveCfg = Release|Any CPU
		{C7100C60-AD69-4476-9C32-B2274AB91F65}.Release|Any CPU.Build.0 = Release|Any CPU
		{6F3BF4E2-CA86-4135-8608-1373A9AA42EB}.Debug|Any CPU.ActiveCfg = Debug|Any CPU
		{6F3BF4E2-CA86-4135-8608-1373A9AA42EB}.Debug|Any CPU.Build.0 = Debug|Any CPU
		{6F3BF4E2-CA86-4135-8608-1373A9AA42EB}.Release|Any CPU.ActiveCfg = Release|Any CPU
		{6F3BF4E2-CA86-4135-8608-1373A9AA42EB}.Release|Any CPU.Build.0 = Release|Any CPU
		{41429298-B6CF-4DB6-BB24-BF862E47ED32}.Debug|Any CPU.ActiveCfg = Debug|Any CPU
		{41429298-B6CF-4DB6-BB24-BF862E47ED32}.Debug|Any CPU.Build.0 = Debug|Any CPU
		{41429298-B6CF-4DB6-BB24-BF862E47ED32}.Release|Any CPU.ActiveCfg = Release|Any CPU
		{41429298-B6CF-4DB6-BB24-BF862E47ED32}.Release|Any CPU.Build.0 = Release|Any CPU
		{BB4CA49C-4D45-482D-B228-A96B1CD04D82}.Debug|Any CPU.ActiveCfg = Debug|Any CPU
		{BB4CA49C-4D45-482D-B228-A96B1CD04D82}.Debug|Any CPU.Build.0 = Debug|Any CPU
		{BB4CA49C-4D45-482D-B228-A96B1CD04D82}.Release|Any CPU.ActiveCfg = Release|Any CPU
		{BB4CA49C-4D45-482D-B228-A96B1CD04D82}.Release|Any CPU.Build.0 = Release|Any CPU
	EndGlobalSection
	GlobalSection(SolutionProperties) = preSolution
		HideSolutionNode = FALSE
	EndGlobalSection
	GlobalSection(NestedProjects) = preSolution
		{08B8168C-7ECD-4606-B67E-201C97038BBA} = {3BA1621E-3386-4339-B6A7-02ACF5515B1A}
		{9019A683-B35D-4E61-AAAC-34B50D11F4FF} = {3BA1621E-3386-4339-B6A7-02ACF5515B1A}
		{2EE011E1-D253-444E-8154-DE301B379A54} = {3BA1621E-3386-4339-B6A7-02ACF5515B1A}
		{FA938C81-A91B-4857-BE70-B36B2F6BD994} = {3BA1621E-3386-4339-B6A7-02ACF5515B1A}
		{0D68DC9B-9433-468B-8293-AE0F9C67E15C} = {3BA1621E-3386-4339-B6A7-02ACF5515B1A}
		{A0FF0D1F-888E-46C1-B478-42CB5FC024B4} = {3BA1621E-3386-4339-B6A7-02ACF5515B1A}
		{F8E2BB47-8C29-4CD7-90D1-6E2211202FAE} = {3BA1621E-3386-4339-B6A7-02ACF5515B1A}
		{14CD62D2-4CFF-44E9-A5CF-0CDD1AD405B1} = {3BA1621E-3386-4339-B6A7-02ACF5515B1A}
		{AB135681-2183-4751-90B9-1073CCFF78D2} = {3BA1621E-3386-4339-B6A7-02ACF5515B1A}
		{3AB15A40-454E-4844-89B3-0C2726B7B3F6} = {3BA1621E-3386-4339-B6A7-02ACF5515B1A}
		{DB4E290F-C4E1-44CF-8ABC-73711AC1AA20} = {3BA1621E-3386-4339-B6A7-02ACF5515B1A}
		{0A326CB5-BE56-439D-9D51-6CC685B422E3} = {3BA1621E-3386-4339-B6A7-02ACF5515B1A}
		{5940B3CC-1B7E-441F-80FF-257544DD0E6A} = {3BA1621E-3386-4339-B6A7-02ACF5515B1A}
		{1EC9E8B8-66F7-4D5B-A15E-6265A319F9C7} = {3BA1621E-3386-4339-B6A7-02ACF5515B1A}
		{05C383E0-0A35-4FDA-A545-5C12E6E907F3} = {3BA1621E-3386-4339-B6A7-02ACF5515B1A}
		{36E9B4F2-0DB9-4D52-8B55-69B51DB2D839} = {3BA1621E-3386-4339-B6A7-02ACF5515B1A}
		{9FE954F6-B335-419D-B169-E7B7A979F326} = {3BA1621E-3386-4339-B6A7-02ACF5515B1A}
		{BF7D1AD9-C5A1-4A5F-9F6A-E95F4409BF01} = {64F541DF-34A5-4451-B3F2-AB1A7592B652}
		{B0D597C7-1FB9-40A5-94CD-36845EA98BFC} = {64F541DF-34A5-4451-B3F2-AB1A7592B652}
		{A654FEDF-CCF5-4A44-8042-6E43F658B054} = {64F541DF-34A5-4451-B3F2-AB1A7592B652}
		{2DFA9514-472D-405B-B59B-EF58CC932C76} = {64F541DF-34A5-4451-B3F2-AB1A7592B652}
		{CDB99B30-7F7B-4DD9-A340-EFB532155B06} = {64F541DF-34A5-4451-B3F2-AB1A7592B652}
		{89E41D09-6500-4991-A544-595F86A65290} = {7CE5401D-2698-4096-AC2C-EF5F842571E4}
		{1530D434-0429-42B7-8D6A-651587736C89} = {7CE5401D-2698-4096-AC2C-EF5F842571E4}
		{C060E8BD-DAC8-4C2D-83E9-9360C98C541F} = {7CE5401D-2698-4096-AC2C-EF5F842571E4}
		{8770B033-B2F3-4D2D-9A15-FB7F46590C4E} = {7CE5401D-2698-4096-AC2C-EF5F842571E4}
		{662B4963-BFEC-4DDF-8D6D-FF8662B8CFFA} = {7CE5401D-2698-4096-AC2C-EF5F842571E4}
		{224A4B9E-354C-4576-8326-586D89E19586} = {64F541DF-34A5-4451-B3F2-AB1A7592B652}
		{245C2EEF-DCA6-4771-A23B-372666662303} = {64F541DF-34A5-4451-B3F2-AB1A7592B652}
		{69CE67BF-D3DA-4036-B1CB-49A311E0C497} = {64F541DF-34A5-4451-B3F2-AB1A7592B652}
		{E714BB97-C5B7-47A4-AF08-BE35A7765014} = {64F541DF-34A5-4451-B3F2-AB1A7592B652}
		{DE7EA136-6B48-46E8-AA8F-8A07D25F62EC} = {64F541DF-34A5-4451-B3F2-AB1A7592B652}
		{A18F2F2E-34C5-4A35-B960-F02B99367F7C} = {3BA1621E-3386-4339-B6A7-02ACF5515B1A}
		{D55E3BDA-0D44-47BC-9BFC-A6C89B39C4D3} = {4333230B-23E5-42F4-8622-7E1D8F8D9317}
		{4EAD8849-7A53-4D98-9C9D-222BB3615667} = {3BA1621E-3386-4339-B6A7-02ACF5515B1A}
		{F5BE3BC3-DEF7-47DA-9662-7DC1E9D2D2D2} = {64F541DF-34A5-4451-B3F2-AB1A7592B652}
		{C7100C60-AD69-4476-9C32-B2274AB91F65} = {64F541DF-34A5-4451-B3F2-AB1A7592B652}
		{6F3BF4E2-CA86-4135-8608-1373A9AA42EB} = {3BA1621E-3386-4339-B6A7-02ACF5515B1A}
		{41429298-B6CF-4DB6-BB24-BF862E47ED32} = {3BA1621E-3386-4339-B6A7-02ACF5515B1A}
		{BB4CA49C-4D45-482D-B228-A96B1CD04D82} = {64F541DF-34A5-4451-B3F2-AB1A7592B652}
	EndGlobalSection
	GlobalSection(ExtensibilityGlobals) = postSolution
		SolutionGuid = {C045FFCB-A85F-4F5E-9830-8F503D71513E}
	EndGlobalSection
EndGlobal
