
Microsoft Visual Studio Solution File, Format Version 12.00
# Visual Studio 15
VisualStudioVersion = 15.0.27130.2026
MinimumVisualStudioVersion = 10.0.40219.1
Project("{2150E333-8FDC-42A3-9474-1A3956D46DE8}") = "src", "src", "{3BA1621E-3386-4339-B6A7-02ACF5515B1A}"
EndProject
Project("{2150E333-8FDC-42A3-9474-1A3956D46DE8}") = "tests", "tests", "{64F541DF-34A5-4451-B3F2-AB1A7592B652}"
EndProject
Project("{2150E333-8FDC-42A3-9474-1A3956D46DE8}") = "examples", "examples", "{7CE5401D-2698-4096-AC2C-EF5F842571E4}"
EndProject
Project("{9A19103F-16F7-4668-BE54-9A1E7A4F7556}") = "LibrameCore", "src\LibrameCore\LibrameCore.csproj", "{9019A683-B35D-4E61-AAAC-34B50D11F4FF}"
EndProject
Project("{9A19103F-16F7-4668-BE54-9A1E7A4F7556}") = "LibrameCore.Tests", "tests\LibrameCore.Tests\LibrameCore.Tests.csproj", "{B0D597C7-1FB9-40A5-94CD-36845EA98BFC}"
	ProjectSection(ProjectDependencies) = postProject
		{9019A683-B35D-4E61-AAAC-34B50D11F4FF} = {9019A683-B35D-4E61-AAAC-34B50D11F4FF}
	EndProjectSection
EndProject
Project("{9A19103F-16F7-4668-BE54-9A1E7A4F7556}") = "LibrameCore.Entities", "examples\LibrameCore.Entities\LibrameCore.Entities.csproj", "{589B9F12-432D-40EE-8E32-0B1D511FE816}"
	ProjectSection(ProjectDependencies) = postProject
		{9019A683-B35D-4E61-AAAC-34B50D11F4FF} = {9019A683-B35D-4E61-AAAC-34B50D11F4FF}
	EndProjectSection
EndProject
Project("{9A19103F-16F7-4668-BE54-9A1E7A4F7556}") = "LibrameCore.WebPage", "examples\LibrameCore.WebPage\LibrameCore.WebPage.csproj", "{3BD2B0C2-C82D-4809-A336-47644BF4AAF0}"
	ProjectSection(ProjectDependencies) = postProject
		{589B9F12-432D-40EE-8E32-0B1D511FE816} = {589B9F12-432D-40EE-8E32-0B1D511FE816}
		{9019A683-B35D-4E61-AAAC-34B50D11F4FF} = {9019A683-B35D-4E61-AAAC-34B50D11F4FF}
	EndProjectSection
EndProject
Project("{9A19103F-16F7-4668-BE54-9A1E7A4F7556}") = "LibrameCore.WebMvc", "examples\LibrameCore.WebMvc\LibrameCore.WebMvc.csproj", "{881B3F61-C80A-43E9-AA41-BA1458833E78}"
EndProject
Global
	GlobalSection(SolutionConfigurationPlatforms) = preSolution
		Debug|Any CPU = Debug|Any CPU
		Release|Any CPU = Release|Any CPU
	EndGlobalSection
	GlobalSection(ProjectConfigurationPlatforms) = postSolution
		{9019A683-B35D-4E61-AAAC-34B50D11F4FF}.Debug|Any CPU.ActiveCfg = Debug|Any CPU
		{9019A683-B35D-4E61-AAAC-34B50D11F4FF}.Debug|Any CPU.Build.0 = Debug|Any CPU
		{9019A683-B35D-4E61-AAAC-34B50D11F4FF}.Release|Any CPU.ActiveCfg = Release|Any CPU
		{9019A683-B35D-4E61-AAAC-34B50D11F4FF}.Release|Any CPU.Build.0 = Release|Any CPU
		{B0D597C7-1FB9-40A5-94CD-36845EA98BFC}.Debug|Any CPU.ActiveCfg = Debug|Any CPU
		{B0D597C7-1FB9-40A5-94CD-36845EA98BFC}.Debug|Any CPU.Build.0 = Debug|Any CPU
		{B0D597C7-1FB9-40A5-94CD-36845EA98BFC}.Release|Any CPU.ActiveCfg = Release|Any CPU
		{B0D597C7-1FB9-40A5-94CD-36845EA98BFC}.Release|Any CPU.Build.0 = Release|Any CPU
		{589B9F12-432D-40EE-8E32-0B1D511FE816}.Debug|Any CPU.ActiveCfg = Debug|Any CPU
		{589B9F12-432D-40EE-8E32-0B1D511FE816}.Debug|Any CPU.Build.0 = Debug|Any CPU
		{589B9F12-432D-40EE-8E32-0B1D511FE816}.Release|Any CPU.ActiveCfg = Release|Any CPU
		{589B9F12-432D-40EE-8E32-0B1D511FE816}.Release|Any CPU.Build.0 = Release|Any CPU
		{3BD2B0C2-C82D-4809-A336-47644BF4AAF0}.Debug|Any CPU.ActiveCfg = Debug|Any CPU
		{3BD2B0C2-C82D-4809-A336-47644BF4AAF0}.Debug|Any CPU.Build.0 = Debug|Any CPU
		{3BD2B0C2-C82D-4809-A336-47644BF4AAF0}.Release|Any CPU.ActiveCfg = Release|Any CPU
		{3BD2B0C2-C82D-4809-A336-47644BF4AAF0}.Release|Any CPU.Build.0 = Release|Any CPU
		{881B3F61-C80A-43E9-AA41-BA1458833E78}.Debug|Any CPU.ActiveCfg = Debug|Any CPU
		{881B3F61-C80A-43E9-AA41-BA1458833E78}.Debug|Any CPU.Build.0 = Debug|Any CPU
		{881B3F61-C80A-43E9-AA41-BA1458833E78}.Release|Any CPU.ActiveCfg = Release|Any CPU
		{881B3F61-C80A-43E9-AA41-BA1458833E78}.Release|Any CPU.Build.0 = Release|Any CPU
	EndGlobalSection
	GlobalSection(SolutionProperties) = preSolution
		HideSolutionNode = FALSE
	EndGlobalSection
	GlobalSection(NestedProjects) = preSolution
		{9019A683-B35D-4E61-AAAC-34B50D11F4FF} = {3BA1621E-3386-4339-B6A7-02ACF5515B1A}
		{B0D597C7-1FB9-40A5-94CD-36845EA98BFC} = {64F541DF-34A5-4451-B3F2-AB1A7592B652}
		{589B9F12-432D-40EE-8E32-0B1D511FE816} = {7CE5401D-2698-4096-AC2C-EF5F842571E4}
		{3BD2B0C2-C82D-4809-A336-47644BF4AAF0} = {7CE5401D-2698-4096-AC2C-EF5F842571E4}
		{881B3F61-C80A-43E9-AA41-BA1458833E78} = {7CE5401D-2698-4096-AC2C-EF5F842571E4}
	EndGlobalSection
	GlobalSection(ExtensibilityGlobals) = postSolution
		SolutionGuid = {C045FFCB-A85F-4F5E-9830-8F503D71513E}
	EndGlobalSection
EndGlobal
